// !$*UTF8*$!
{
	archiveVersion = 1;
	classes = {
	};
	objectVersion = 51;
	objects = {

/* Begin PBXBuildFile section */
		303E9C64296439AC00A83F0C /* GoogleService-Info.plist in Resources */ = {isa = PBXBuildFile; fileRef = 303E9C63296439AC00A83F0C /* GoogleService-Info.plist */; };
		303E9C6829645CCB00A83F0C /* DatabaseManager.swift in Sources */ = {isa = PBXBuildFile; fileRef = 303E9C6729645CCB00A83F0C /* DatabaseManager.swift */; };
		305E271C2961DA0200CDF3FF /* AppDelegate.swift in Sources */ = {isa = PBXBuildFile; fileRef = 305E271B2961DA0200CDF3FF /* AppDelegate.swift */; };
		305E271E2961DA0200CDF3FF /* SceneDelegate.swift in Sources */ = {isa = PBXBuildFile; fileRef = 305E271D2961DA0200CDF3FF /* SceneDelegate.swift */; };
		305E27202961DA0200CDF3FF /* ConversationViewController.swift in Sources */ = {isa = PBXBuildFile; fileRef = 305E271F2961DA0200CDF3FF /* ConversationViewController.swift */; };
		305E27232961DA0200CDF3FF /* LoginAndRegister.storyboard in Resources */ = {isa = PBXBuildFile; fileRef = 305E27212961DA0200CDF3FF /* LoginAndRegister.storyboard */; };
		305E27252961DA0400CDF3FF /* Assets.xcassets in Resources */ = {isa = PBXBuildFile; fileRef = 305E27242961DA0400CDF3FF /* Assets.xcassets */; };
		305E27282961DA0400CDF3FF /* LaunchScreen.storyboard in Resources */ = {isa = PBXBuildFile; fileRef = 305E27262961DA0400CDF3FF /* LaunchScreen.storyboard */; };
		30DF32D42962E6440098DCD3 /* LoginViewController.swift in Sources */ = {isa = PBXBuildFile; fileRef = 30DF32D32962E6440098DCD3 /* LoginViewController.swift */; };
		30DF32D62962E6560098DCD3 /* RegisterViewController.swift in Sources */ = {isa = PBXBuildFile; fileRef = 30DF32D52962E6560098DCD3 /* RegisterViewController.swift */; };
		30DF32D82962E6710098DCD3 /* NewConversationViewController.swift in Sources */ = {isa = PBXBuildFile; fileRef = 30DF32D72962E6710098DCD3 /* NewConversationViewController.swift */; };
		30DF32DA2962E6A90098DCD3 /* ProfileViewController.swift in Sources */ = {isa = PBXBuildFile; fileRef = 30DF32D92962E6A90098DCD3 /* ProfileViewController.swift */; };
		30DF32DC2962E6F20098DCD3 /* VideoPlayerViewController.swift in Sources */ = {isa = PBXBuildFile; fileRef = 30DF32DB2962E6F20098DCD3 /* VideoPlayerViewController.swift */; };
		30DF32DE2962E7060098DCD3 /* PhotoViewerViewController.swift in Sources */ = {isa = PBXBuildFile; fileRef = 30DF32DD2962E7060098DCD3 /* PhotoViewerViewController.swift */; };
		30DF32E02962ECF30098DCD3 /* Extensions.swift in Sources */ = {isa = PBXBuildFile; fileRef = 30DF32DF2962ECF30098DCD3 /* Extensions.swift */; };
		81AD1C219304F3011E5FF65B /* Pods_Chat_Application.framework in Frameworks */ = {isa = PBXBuildFile; fileRef = 0494AF9DBC48FCD424F4F09A /* Pods_Chat_Application.framework */; };
/* End PBXBuildFile section */

/* Begin PBXFileReference section */
		0494AF9DBC48FCD424F4F09A /* Pods_Chat_Application.framework */ = {isa = PBXFileReference; explicitFileType = wrapper.framework; includeInIndex = 0; path = Pods_Chat_Application.framework; sourceTree = BUILT_PRODUCTS_DIR; };
		303E9C63296439AC00A83F0C /* GoogleService-Info.plist */ = {isa = PBXFileReference; fileEncoding = 4; lastKnownFileType = text.plist.xml; path = "GoogleService-Info.plist"; sourceTree = "<group>"; };
		303E9C6729645CCB00A83F0C /* DatabaseManager.swift */ = {isa = PBXFileReference; lastKnownFileType = sourcecode.swift; path = DatabaseManager.swift; sourceTree = "<group>"; };
		305E27182961DA0200CDF3FF /* Chat Application.app */ = {isa = PBXFileReference; explicitFileType = wrapper.application; includeInIndex = 0; path = "Chat Application.app"; sourceTree = BUILT_PRODUCTS_DIR; };
		305E271B2961DA0200CDF3FF /* AppDelegate.swift */ = {isa = PBXFileReference; lastKnownFileType = sourcecode.swift; path = AppDelegate.swift; sourceTree = "<group>"; };
		305E271D2961DA0200CDF3FF /* SceneDelegate.swift */ = {isa = PBXFileReference; lastKnownFileType = sourcecode.swift; path = SceneDelegate.swift; sourceTree = "<group>"; };
		305E271F2961DA0200CDF3FF /* ConversationViewController.swift */ = {isa = PBXFileReference; lastKnownFileType = sourcecode.swift; path = ConversationViewController.swift; sourceTree = "<group>"; };
		305E27222961DA0200CDF3FF /* Base */ = {isa = PBXFileReference; lastKnownFileType = file.storyboard; name = Base; path = Base.lproj/LoginAndRegister.storyboard; sourceTree = "<group>"; };
		305E27242961DA0400CDF3FF /* Assets.xcassets */ = {isa = PBXFileReference; lastKnownFileType = folder.assetcatalog; path = Assets.xcassets; sourceTree = "<group>"; };
		305E27272961DA0400CDF3FF /* Base */ = {isa = PBXFileReference; lastKnownFileType = file.storyboard; name = Base; path = Base.lproj/LaunchScreen.storyboard; sourceTree = "<group>"; };
		305E27292961DA0400CDF3FF /* Info.plist */ = {isa = PBXFileReference; lastKnownFileType = text.plist.xml; path = Info.plist; sourceTree = "<group>"; };
		30DF32D32962E6440098DCD3 /* LoginViewController.swift */ = {isa = PBXFileReference; lastKnownFileType = sourcecode.swift; path = LoginViewController.swift; sourceTree = "<group>"; };
		30DF32D52962E6560098DCD3 /* RegisterViewController.swift */ = {isa = PBXFileReference; lastKnownFileType = sourcecode.swift; path = RegisterViewController.swift; sourceTree = "<group>"; };
		30DF32D72962E6710098DCD3 /* NewConversationViewController.swift */ = {isa = PBXFileReference; lastKnownFileType = sourcecode.swift; path = NewConversationViewController.swift; sourceTree = "<group>"; };
		30DF32D92962E6A90098DCD3 /* ProfileViewController.swift */ = {isa = PBXFileReference; lastKnownFileType = sourcecode.swift; path = ProfileViewController.swift; sourceTree = "<group>"; };
		30DF32DB2962E6F20098DCD3 /* VideoPlayerViewController.swift */ = {isa = PBXFileReference; lastKnownFileType = sourcecode.swift; path = VideoPlayerViewController.swift; sourceTree = "<group>"; };
		30DF32DD2962E7060098DCD3 /* PhotoViewerViewController.swift */ = {isa = PBXFileReference; lastKnownFileType = sourcecode.swift; path = PhotoViewerViewController.swift; sourceTree = "<group>"; };
		30DF32DF2962ECF30098DCD3 /* Extensions.swift */ = {isa = PBXFileReference; lastKnownFileType = sourcecode.swift; path = Extensions.swift; sourceTree = "<group>"; };
		79876C71564C4A7A3DE2AC9F /* Pods-Chat Application.debug.xcconfig */ = {isa = PBXFileReference; includeInIndex = 1; lastKnownFileType = text.xcconfig; name = "Pods-Chat Application.debug.xcconfig"; path = "Target Support Files/Pods-Chat Application/Pods-Chat Application.debug.xcconfig"; sourceTree = "<group>"; };
		8A115F802F199A4DF0617EAB /* Pods-Chat Application.release.xcconfig */ = {isa = PBXFileReference; includeInIndex = 1; lastKnownFileType = text.xcconfig; name = "Pods-Chat Application.release.xcconfig"; path = "Target Support Files/Pods-Chat Application/Pods-Chat Application.release.xcconfig"; sourceTree = "<group>"; };
/* End PBXFileReference section */

/* Begin PBXFrameworksBuildPhase section */
		305E27152961DA0200CDF3FF /* Frameworks */ = {
			isa = PBXFrameworksBuildPhase;
			buildActionMask = 2147483647;
			files = (
				81AD1C219304F3011E5FF65B /* Pods_Chat_Application.framework in Frameworks */,
			);
			runOnlyForDeploymentPostprocessing = 0;
		};
/* End PBXFrameworksBuildPhase section */

/* Begin PBXGroup section */
		09032BF96A89DD739C45FE46 /* Frameworks */ = {
			isa = PBXGroup;
			children = (
				0494AF9DBC48FCD424F4F09A /* Pods_Chat_Application.framework */,
			);
			name = Frameworks;
			sourceTree = "<group>";
		};
		305E270F2961DA0200CDF3FF = {
			isa = PBXGroup;
			children = (
				305E271A2961DA0200CDF3FF /* Chat Application */,
				305E27192961DA0200CDF3FF /* Products */,
				D8EDFFDEAB2A674D0923E565 /* Pods */,
				09032BF96A89DD739C45FE46 /* Frameworks */,
			);
			sourceTree = "<group>";
		};
		305E27192961DA0200CDF3FF /* Products */ = {
			isa = PBXGroup;
			children = (
				305E27182961DA0200CDF3FF /* Chat Application.app */,
			);
			name = Products;
			sourceTree = "<group>";
		};
		305E271A2961DA0200CDF3FF /* Chat Application */ = {
			isa = PBXGroup;
			children = (
				303E9C63296439AC00A83F0C /* GoogleService-Info.plist */,
				30DF32CD2962E4A00098DCD3 /* Resouces */,
				30DF32D12962E5240098DCD3 /* Models */,
				30DF32D22962E52E0098DCD3 /* ViewModels */,
				30DF32CF2962E4D70098DCD3 /* Views */,
				30DF32CE2962E4BB0098DCD3 /* Controllers */,
				305E27292961DA0400CDF3FF /* Info.plist */,
			);
			path = "Chat Application";
			sourceTree = "<group>";
		};
		30DF32CD2962E4A00098DCD3 /* Resouces */ = {
			isa = PBXGroup;
			children = (
				305E271B2961DA0200CDF3FF /* AppDelegate.swift */,
				305E271D2961DA0200CDF3FF /* SceneDelegate.swift */,
				303E9C6729645CCB00A83F0C /* DatabaseManager.swift */,
				30DF32DF2962ECF30098DCD3 /* Extensions.swift */,
			);
			path = Resouces;
			sourceTree = "<group>";
		};
		30DF32CE2962E4BB0098DCD3 /* Controllers */ = {
			isa = PBXGroup;
			children = (
				30DF32E12962F13C0098DCD3 /* LoginAndRegister */,
				30DF32D92962E6A90098DCD3 /* ProfileViewController.swift */,
				30DF32DB2962E6F20098DCD3 /* VideoPlayerViewController.swift */,
				30DF32DD2962E7060098DCD3 /* PhotoViewerViewController.swift */,
				305E271F2961DA0200CDF3FF /* ConversationViewController.swift */,
				30DF32D72962E6710098DCD3 /* NewConversationViewController.swift */,
			);
			path = Controllers;
			sourceTree = "<group>";
		};
		30DF32CF2962E4D70098DCD3 /* Views */ = {
			isa = PBXGroup;
			children = (
				30DF32D02962E4F00098DCD3 /* Storyboards */,
				305E27242961DA0400CDF3FF /* Assets.xcassets */,
			);
			path = Views;
			sourceTree = "<group>";
		};
		30DF32D02962E4F00098DCD3 /* Storyboards */ = {
			isa = PBXGroup;
			children = (
				305E27212961DA0200CDF3FF /* LoginAndRegister.storyboard */,
				305E27262961DA0400CDF3FF /* LaunchScreen.storyboard */,
			);
			path = Storyboards;
			sourceTree = "<group>";
		};
		30DF32D12962E5240098DCD3 /* Models */ = {
			isa = PBXGroup;
			children = (
			);
			path = Models;
			sourceTree = "<group>";
		};
		30DF32D22962E52E0098DCD3 /* ViewModels */ = {
			isa = PBXGroup;
			children = (
			);
			path = ViewModels;
			sourceTree = "<group>";
		};
		30DF32E12962F13C0098DCD3 /* LoginAndRegister */ = {
			isa = PBXGroup;
			children = (
				30DF32D32962E6440098DCD3 /* LoginViewController.swift */,
				30DF32D52962E6560098DCD3 /* RegisterViewController.swift */,
			);
			path = LoginAndRegister;
			sourceTree = "<group>";
		};
		D8EDFFDEAB2A674D0923E565 /* Pods */ = {
			isa = PBXGroup;
			children = (
				79876C71564C4A7A3DE2AC9F /* Pods-Chat Application.debug.xcconfig */,
				8A115F802F199A4DF0617EAB /* Pods-Chat Application.release.xcconfig */,
			);
			path = Pods;
			sourceTree = "<group>";
		};
/* End PBXGroup section */

/* Begin PBXNativeTarget section */
		305E27172961DA0200CDF3FF /* Chat Application */ = {
			isa = PBXNativeTarget;
			buildConfigurationList = 305E272C2961DA0400CDF3FF /* Build configuration list for PBXNativeTarget "Chat Application" */;
			buildPhases = (
				C5DDD8A4CB3D96A64F678290 /* [CP] Check Pods Manifest.lock */,
				305E27142961DA0200CDF3FF /* Sources */,
				305E27152961DA0200CDF3FF /* Frameworks */,
				305E27162961DA0200CDF3FF /* Resources */,
				FBB1058A9F3A3496D546CA6E /* [CP] Embed Pods Frameworks */,
			);
			buildRules = (
			);
			dependencies = (
			);
			name = "Chat Application";
			productName = "Chat Application";
			productReference = 305E27182961DA0200CDF3FF /* Chat Application.app */;
			productType = "com.apple.product-type.application";
		};
/* End PBXNativeTarget section */

/* Begin PBXProject section */
		305E27102961DA0200CDF3FF /* Project object */ = {
			isa = PBXProject;
			attributes = {
				LastSwiftUpdateCheck = 1250;
				LastUpgradeCheck = 1250;
				TargetAttributes = {
					305E27172961DA0200CDF3FF = {
						CreatedOnToolsVersion = 12.5.1;
					};
				};
			};
			buildConfigurationList = 305E27132961DA0200CDF3FF /* Build configuration list for PBXProject "Chat Application" */;
			compatibilityVersion = "Xcode 9.3";
			developmentRegion = en;
			hasScannedForEncodings = 0;
			knownRegions = (
				en,
				Base,
			);
			mainGroup = 305E270F2961DA0200CDF3FF;
			productRefGroup = 305E27192961DA0200CDF3FF /* Products */;
			projectDirPath = "";
			projectRoot = "";
			targets = (
				305E27172961DA0200CDF3FF /* Chat Application */,
			);
		};
/* End PBXProject section */

/* Begin PBXResourcesBuildPhase section */
		305E27162961DA0200CDF3FF /* Resources */ = {
			isa = PBXResourcesBuildPhase;
			buildActionMask = 2147483647;
			files = (
				305E27282961DA0400CDF3FF /* LaunchScreen.storyboard in Resources */,
				303E9C64296439AC00A83F0C /* GoogleService-Info.plist in Resources */,
				305E27252961DA0400CDF3FF /* Assets.xcassets in Resources */,
				305E27232961DA0200CDF3FF /* LoginAndRegister.storyboard in Resources */,
			);
			runOnlyForDeploymentPostprocessing = 0;
		};
/* End PBXResourcesBuildPhase section */

/* Begin PBXShellScriptBuildPhase section */
		C5DDD8A4CB3D96A64F678290 /* [CP] Check Pods Manifest.lock */ = {
			isa = PBXShellScriptBuildPhase;
			buildActionMask = 2147483647;
			files = (
			);
			inputFileListPaths = (
			);
			inputPaths = (
				"${PODS_PODFILE_DIR_PATH}/Podfile.lock",
				"${PODS_ROOT}/Manifest.lock",
			);
			name = "[CP] Check Pods Manifest.lock";
			outputFileListPaths = (
			);
			outputPaths = (
				"$(DERIVED_FILE_DIR)/Pods-Chat Application-checkManifestLockResult.txt",
			);
			runOnlyForDeploymentPostprocessing = 0;
			shellPath = /bin/sh;
			shellScript = "diff \"${PODS_PODFILE_DIR_PATH}/Podfile.lock\" \"${PODS_ROOT}/Manifest.lock\" > /dev/null\nif [ $? != 0 ] ; then\n    # print error to STDERR\n    echo \"error: The sandbox is not in sync with the Podfile.lock. Run 'pod install' or update your CocoaPods installation.\" >&2\n    exit 1\nfi\n# This output is used by Xcode 'outputs' to avoid re-running this script phase.\necho \"SUCCESS\" > \"${SCRIPT_OUTPUT_FILE_0}\"\n";
			showEnvVarsInLog = 0;
		};
		FBB1058A9F3A3496D546CA6E /* [CP] Embed Pods Frameworks */ = {
			isa = PBXShellScriptBuildPhase;
			buildActionMask = 2147483647;
			files = (
			);
			inputFileListPaths = (
				"${PODS_ROOT}/Target Support Files/Pods-Chat Application/Pods-Chat Application-frameworks-${CONFIGURATION}-input-files.xcfilelist",
			);
			name = "[CP] Embed Pods Frameworks";
			outputFileListPaths = (
				"${PODS_ROOT}/Target Support Files/Pods-Chat Application/Pods-Chat Application-frameworks-${CONFIGURATION}-output-files.xcfilelist",
			);
			runOnlyForDeploymentPostprocessing = 0;
			shellPath = /bin/sh;
			shellScript = "\"${PODS_ROOT}/Target Support Files/Pods-Chat Application/Pods-Chat Application-frameworks.sh\"\n";
			showEnvVarsInLog = 0;
		};
/* End PBXShellScriptBuildPhase section */

/* Begin PBXSourcesBuildPhase section */
		305E27142961DA0200CDF3FF /* Sources */ = {
			isa = PBXSourcesBuildPhase;
			buildActionMask = 2147483647;
			files = (
				30DF32D82962E6710098DCD3 /* NewConversationViewController.swift in Sources */,
				303E9C6829645CCB00A83F0C /* DatabaseManager.swift in Sources */,
				30DF32D42962E6440098DCD3 /* LoginViewController.swift in Sources */,
				30DF32D62962E6560098DCD3 /* RegisterViewController.swift in Sources */,
				305E27202961DA0200CDF3FF /* ConversationViewController.swift in Sources */,
				30DF32DA2962E6A90098DCD3 /* ProfileViewController.swift in Sources */,
				30DF32E02962ECF30098DCD3 /* Extensions.swift in Sources */,
				30DF32DC2962E6F20098DCD3 /* VideoPlayerViewController.swift in Sources */,
				305E271C2961DA0200CDF3FF /* AppDelegate.swift in Sources */,
				305E271E2961DA0200CDF3FF /* SceneDelegate.swift in Sources */,
				30DF32DE2962E7060098DCD3 /* PhotoViewerViewController.swift in Sources */,
			);
			runOnlyForDeploymentPostprocessing = 0;
		};
/* End PBXSourcesBuildPhase section */

/* Begin PBXVariantGroup section */
		305E27212961DA0200CDF3FF /* LoginAndRegister.storyboard */ = {
			isa = PBXVariantGroup;
			children = (
				305E27222961DA0200CDF3FF /* Base */,
			);
			name = LoginAndRegister.storyboard;
			sourceTree = "<group>";
		};
		305E27262961DA0400CDF3FF /* LaunchScreen.storyboard */ = {
			isa = PBXVariantGroup;
			children = (
				305E27272961DA0400CDF3FF /* Base */,
			);
			name = LaunchScreen.storyboard;
			sourceTree = "<group>";
		};
/* End PBXVariantGroup section */

/* Begin XCBuildConfiguration section */
		305E272A2961DA0400CDF3FF /* Debug */ = {
			isa = XCBuildConfiguration;
			buildSettings = {
				ALWAYS_SEARCH_USER_PATHS = NO;
				CLANG_ANALYZER_NONNULL = YES;
				CLANG_ANALYZER_NUMBER_OBJECT_CONVERSION = YES_AGGRESSIVE;
				CLANG_CXX_LANGUAGE_STANDARD = "gnu++14";
				CLANG_CXX_LIBRARY = "libc++";
				CLANG_ENABLE_MODULES = YES;
				CLANG_ENABLE_OBJC_ARC = YES;
				CLANG_ENABLE_OBJC_WEAK = YES;
				CLANG_WARN_BLOCK_CAPTURE_AUTORELEASING = YES;
				CLANG_WARN_BOOL_CONVERSION = YES;
				CLANG_WARN_COMMA = YES;
				CLANG_WARN_CONSTANT_CONVERSION = YES;
				CLANG_WARN_DEPRECATED_OBJC_IMPLEMENTATIONS = YES;
				CLANG_WARN_DIRECT_OBJC_ISA_USAGE = YES_ERROR;
				CLANG_WARN_DOCUMENTATION_COMMENTS = YES;
				CLANG_WARN_EMPTY_BODY = YES;
				CLANG_WARN_ENUM_CONVERSION = YES;
				CLANG_WARN_INFINITE_RECURSION = YES;
				CLANG_WARN_INT_CONVERSION = YES;
				CLANG_WARN_NON_LITERAL_NULL_CONVERSION = YES;
				CLANG_WARN_OBJC_IMPLICIT_RETAIN_SELF = YES;
				CLANG_WARN_OBJC_LITERAL_CONVERSION = YES;
				CLANG_WARN_OBJC_ROOT_CLASS = YES_ERROR;
				CLANG_WARN_QUOTED_INCLUDE_IN_FRAMEWORK_HEADER = YES;
				CLANG_WARN_RANGE_LOOP_ANALYSIS = YES;
				CLANG_WARN_STRICT_PROTOTYPES = YES;
				CLANG_WARN_SUSPICIOUS_MOVE = YES;
				CLANG_WARN_UNGUARDED_AVAILABILITY = YES_AGGRESSIVE;
				CLANG_WARN_UNREACHABLE_CODE = YES;
				CLANG_WARN__DUPLICATE_METHOD_MATCH = YES;
				COPY_PHASE_STRIP = NO;
				DEBUG_INFORMATION_FORMAT = dwarf;
				ENABLE_STRICT_OBJC_MSGSEND = YES;
				ENABLE_TESTABILITY = YES;
				GCC_C_LANGUAGE_STANDARD = gnu11;
				GCC_DYNAMIC_NO_PIC = NO;
				GCC_NO_COMMON_BLOCKS = YES;
				GCC_OPTIMIZATION_LEVEL = 0;
				GCC_PREPROCESSOR_DEFINITIONS = (
					"DEBUG=1",
					"$(inherited)",
				);
				GCC_WARN_64_TO_32_BIT_CONVERSION = YES;
				GCC_WARN_ABOUT_RETURN_TYPE = YES_ERROR;
				GCC_WARN_UNDECLARED_SELECTOR = YES;
				GCC_WARN_UNINITIALIZED_AUTOS = YES_AGGRESSIVE;
				GCC_WARN_UNUSED_FUNCTION = YES;
				GCC_WARN_UNUSED_VARIABLE = YES;
				IPHONEOS_DEPLOYMENT_TARGET = 14.5;
				MTL_ENABLE_DEBUG_INFO = INCLUDE_SOURCE;
				MTL_FAST_MATH = YES;
				ONLY_ACTIVE_ARCH = YES;
				SDKROOT = iphoneos;
				SWIFT_ACTIVE_COMPILATION_CONDITIONS = DEBUG;
				SWIFT_OPTIMIZATION_LEVEL = "-Onone";
			};
			name = Debug;
		};
		305E272B2961DA0400CDF3FF /* Release */ = {
			isa = XCBuildConfiguration;
			buildSettings = {
				ALWAYS_SEARCH_USER_PATHS = NO;
				CLANG_ANALYZER_NONNULL = YES;
				CLANG_ANALYZER_NUMBER_OBJECT_CONVERSION = YES_AGGRESSIVE;
				CLANG_CXX_LANGUAGE_STANDARD = "gnu++14";
				CLANG_CXX_LIBRARY = "libc++";
				CLANG_ENABLE_MODULES = YES;
				CLANG_ENABLE_OBJC_ARC = YES;
				CLANG_ENABLE_OBJC_WEAK = YES;
				CLANG_WARN_BLOCK_CAPTURE_AUTORELEASING = YES;
				CLANG_WARN_BOOL_CONVERSION = YES;
				CLANG_WARN_COMMA = YES;
				CLANG_WARN_CONSTANT_CONVERSION = YES;
				CLANG_WARN_DEPRECATED_OBJC_IMPLEMENTATIONS = YES;
				CLANG_WARN_DIRECT_OBJC_ISA_USAGE = YES_ERROR;
				CLANG_WARN_DOCUMENTATION_COMMENTS = YES;
				CLANG_WARN_EMPTY_BODY = YES;
				CLANG_WARN_ENUM_CONVERSION = YES;
				CLANG_WARN_INFINITE_RECURSION = YES;
				CLANG_WARN_INT_CONVERSION = YES;
				CLANG_WARN_NON_LITERAL_NULL_CONVERSION = YES;
				CLANG_WARN_OBJC_IMPLICIT_RETAIN_SELF = YES;
				CLANG_WARN_OBJC_LITERAL_CONVERSION = YES;
				CLANG_WARN_OBJC_ROOT_CLASS = YES_ERROR;
				CLANG_WARN_QUOTED_INCLUDE_IN_FRAMEWORK_HEADER = YES;
				CLANG_WARN_RANGE_LOOP_ANALYSIS = YES;
				CLANG_WARN_STRICT_PROTOTYPES = YES;
				CLANG_WARN_SUSPICIOUS_MOVE = YES;
				CLANG_WARN_UNGUARDED_AVAILABILITY = YES_AGGRESSIVE;
				CLANG_WARN_UNREACHABLE_CODE = YES;
				CLANG_WARN__DUPLICATE_METHOD_MATCH = YES;
				COPY_PHASE_STRIP = NO;
				DEBUG_INFORMATION_FORMAT = "dwarf-with-dsym";
				ENABLE_NS_ASSERTIONS = NO;
				ENABLE_STRICT_OBJC_MSGSEND = YES;
				GCC_C_LANGUAGE_STANDARD = gnu11;
				GCC_NO_COMMON_BLOCKS = YES;
				GCC_WARN_64_TO_32_BIT_CONVERSION = YES;
				GCC_WARN_ABOUT_RETURN_TYPE = YES_ERROR;
				GCC_WARN_UNDECLARED_SELECTOR = YES;
				GCC_WARN_UNINITIALIZED_AUTOS = YES_AGGRESSIVE;
				GCC_WARN_UNUSED_FUNCTION = YES;
				GCC_WARN_UNUSED_VARIABLE = YES;
				IPHONEOS_DEPLOYMENT_TARGET = 14.5;
				MTL_ENABLE_DEBUG_INFO = NO;
				MTL_FAST_MATH = YES;
				SDKROOT = iphoneos;
				SWIFT_COMPILATION_MODE = wholemodule;
				SWIFT_OPTIMIZATION_LEVEL = "-O";
				VALIDATE_PRODUCT = YES;
			};
			name = Release;
		};
		305E272D2961DA0400CDF3FF /* Debug */ = {
			isa = XCBuildConfiguration;
			baseConfigurationReference = 79876C71564C4A7A3DE2AC9F /* Pods-Chat Application.debug.xcconfig */;
			buildSettings = {
				ASSETCATALOG_COMPILER_APPICON_NAME = AppIcon;
				ASSETCATALOG_COMPILER_GLOBAL_ACCENT_COLOR_NAME = AccentColor;
				CODE_SIGN_STYLE = Automatic;
				DEVELOPMENT_TEAM = 55NWQ2H8V2;
				INFOPLIST_FILE = "Chat Application/Info.plist";
				LD_RUNPATH_SEARCH_PATHS = (
					"$(inherited)",
					"@executable_path/Frameworks",
				);
				PRODUCT_BUNDLE_IDENTIFIER = "com.Chat-Application";
				PRODUCT_NAME = "$(TARGET_NAME)";
				SWIFT_VERSION = 5.0;
				TARGETED_DEVICE_FAMILY = "1,2";
			};
			name = Debug;
		};
		305E272E2961DA0400CDF3FF /* Release */ = {
			isa = XCBuildConfiguration;
			baseConfigurationReference = 8A115F802F199A4DF0617EAB /* Pods-Chat Application.release.xcconfig */;
			buildSettings = {
				ASSETCATALOG_COMPILER_APPICON_NAME = AppIcon;
				ASSETCATALOG_COMPILER_GLOBAL_ACCENT_COLOR_NAME = AccentColor;
				CODE_SIGN_STYLE = Automatic;
				DEVELOPMENT_TEAM = 55NWQ2H8V2;
				INFOPLIST_FILE = "Chat Application/Info.plist";
				LD_RUNPATH_SEARCH_PATHS = (
					"$(inherited)",
					"@executable_path/Frameworks",
				);
				PRODUCT_BUNDLE_IDENTIFIER = "com.Chat-Application";
				PRODUCT_NAME = "$(TARGET_NAME)";
				SWIFT_VERSION = 5.0;
				TARGETED_DEVICE_FAMILY = "1,2";
			};
			name = Release;
		};
/* End XCBuildConfiguration section */

/* Begin XCConfigurationList section */
		305E27132961DA0200CDF3FF /* Build configuration list for PBXProject "Chat Application" */ = {
			isa = XCConfigurationList;
			buildConfigurations = (
				305E272A2961DA0400CDF3FF /* Debug */,
				305E272B2961DA0400CDF3FF /* Release */,
			);
			defaultConfigurationIsVisible = 0;
			defaultConfigurationName = Release;
		};
		305E272C2961DA0400CDF3FF /* Build configuration list for PBXNativeTarget "Chat Application" */ = {
			isa = XCConfigurationList;
			buildConfigurations = (
				305E272D2961DA0400CDF3FF /* Debug */,
				305E272E2961DA0400CDF3FF /* Release */,
			);
			defaultConfigurationIsVisible = 0;
			defaultConfigurationName = Release;
		};
/* End XCConfigurationList section */
	};
	rootObject = 305E27102961DA0200CDF3FF /* Project object */;
}
